// !$*UTF8*$!
{
	archiveVersion = 1;
	classes = {
	};
	objectVersion = 46;
	objects = {

/* Begin PBXBuildFile section */
		172B422E1B15319D00FFCC02 /* main.m in Sources */ = {isa = PBXBuildFile; fileRef = 172B422D1B15319D00FFCC02 /* main.m */; };
		172B42311B15319D00FFCC02 /* AppDelegate.m in Sources */ = {isa = PBXBuildFile; fileRef = 172B42301B15319D00FFCC02 /* AppDelegate.m */; };
		172B42341B15319D00FFCC02 /* FirstViewController.m in Sources */ = {isa = PBXBuildFile; fileRef = 172B42331B15319D00FFCC02 /* FirstViewController.m */; };
		172B42371B15319D00FFCC02 /* SecondViewController.m in Sources */ = {isa = PBXBuildFile; fileRef = 172B42361B15319D00FFCC02 /* SecondViewController.m */; };
		172B423A1B15319D00FFCC02 /* Main.storyboard in Resources */ = {isa = PBXBuildFile; fileRef = 172B42381B15319D00FFCC02 /* Main.storyboard */; };
		172B423C1B15319D00FFCC02 /* Images.xcassets in Resources */ = {isa = PBXBuildFile; fileRef = 172B423B1B15319D00FFCC02 /* Images.xcassets */; };
		172B423F1B15319D00FFCC02 /* LaunchScreen.xib in Resources */ = {isa = PBXBuildFile; fileRef = 172B423D1B15319D00FFCC02 /* LaunchScreen.xib */; };
		172B424B1B15319D00FFCC02 /* audionTests.m in Sources */ = {isa = PBXBuildFile; fileRef = 172B424A1B15319D00FFCC02 /* audionTests.m */; };
/* End PBXBuildFile section */

/* Begin PBXContainerItemProxy section */
		172B42451B15319D00FFCC02 /* PBXContainerItemProxy */ = {
			isa = PBXContainerItemProxy;
			containerPortal = 172B42201B15319D00FFCC02 /* Project object */;
			proxyType = 1;
			remoteGlobalIDString = 172B42271B15319D00FFCC02;
			remoteInfo = audion;
		};
/* End PBXContainerItemProxy section */

/* Begin PBXFileReference section */
		172B42281B15319D00FFCC02 /* audion.app */ = {isa = PBXFileReference; explicitFileType = wrapper.application; includeInIndex = 0; path = audion.app; sourceTree = BUILT_PRODUCTS_DIR; };
		172B422C1B15319D00FFCC02 /* Info.plist */ = {isa = PBXFileReference; lastKnownFileType = text.plist.xml; path = Info.plist; sourceTree = "<group>"; };
		172B422D1B15319D00FFCC02 /* main.m */ = {isa = PBXFileReference; lastKnownFileType = sourcecode.c.objc; path = main.m; sourceTree = "<group>"; };
		172B422F1B15319D00FFCC02 /* AppDelegate.h */ = {isa = PBXFileReference; lastKnownFileType = sourcecode.c.h; path = AppDelegate.h; sourceTree = "<group>"; };
		172B42301B15319D00FFCC02 /* AppDelegate.m */ = {isa = PBXFileReference; lastKnownFileType = sourcecode.c.objc; path = AppDelegate.m; sourceTree = "<group>"; };
		172B42321B15319D00FFCC02 /* FirstViewController.h */ = {isa = PBXFileReference; lastKnownFileType = sourcecode.c.h; path = FirstViewController.h; sourceTree = "<group>"; };
		172B42331B15319D00FFCC02 /* FirstViewController.m */ = {isa = PBXFileReference; lastKnownFileType = sourcecode.c.objc; path = FirstViewController.m; sourceTree = "<group>"; };
		172B42351B15319D00FFCC02 /* SecondViewController.h */ = {isa = PBXFileReference; lastKnownFileType = sourcecode.c.h; path = SecondViewController.h; sourceTree = "<group>"; };
		172B42361B15319D00FFCC02 /* SecondViewController.m */ = {isa = PBXFileReference; lastKnownFileType = sourcecode.c.objc; path = SecondViewController.m; sourceTree = "<group>"; };
		172B42391B15319D00FFCC02 /* Base */ = {isa = PBXFileReference; lastKnownFileType = file.storyboard; name = Base; path = Base.lproj/Main.storyboard; sourceTree = "<group>"; };
		172B423B1B15319D00FFCC02 /* Images.xcassets */ = {isa = PBXFileReference; lastKnownFileType = folder.assetcatalog; path = Images.xcassets; sourceTree = "<group>"; };
		172B423E1B15319D00FFCC02 /* Base */ = {isa = PBXFileReference; lastKnownFileType = file.xib; name = Base; path = Base.lproj/LaunchScreen.xib; sourceTree = "<group>"; };
		172B42441B15319D00FFCC02 /* audionTests.xctest */ = {isa = PBXFileReference; explicitFileType = wrapper.cfbundle; includeInIndex = 0; path = audionTests.xctest; sourceTree = BUILT_PRODUCTS_DIR; };
		172B42491B15319D00FFCC02 /* Info.plist */ = {isa = PBXFileReference; lastKnownFileType = text.plist.xml; path = Info.plist; sourceTree = "<group>"; };
		172B424A1B15319D00FFCC02 /* audionTests.m */ = {isa = PBXFileReference; lastKnownFileType = sourcecode.c.objc; path = audionTests.m; sourceTree = "<group>"; };
/* End PBXFileReference section */

/* Begin PBXFrameworksBuildPhase section */
		172B42251B15319D00FFCC02 /* Frameworks */ = {
			isa = PBXFrameworksBuildPhase;
			buildActionMask = 2147483647;
			files = (
			);
			runOnlyForDeploymentPostprocessing = 0;
		};
		172B42411B15319D00FFCC02 /* Frameworks */ = {
			isa = PBXFrameworksBuildPhase;
			buildActionMask = 2147483647;
			files = (
			);
			runOnlyForDeploymentPostprocessing = 0;
		};
/* End PBXFrameworksBuildPhase section */

/* Begin PBXGroup section */
		172B421F1B15319D00FFCC02 = {
			isa = PBXGroup;
			children = (
				172B422A1B15319D00FFCC02 /* audion */,
				172B42471B15319D00FFCC02 /* audionTests */,
				172B42291B15319D00FFCC02 /* Products */,
			);
			sourceTree = "<group>";
		};
		172B42291B15319D00FFCC02 /* Products */ = {
			isa = PBXGroup;
			children = (
				172B42281B15319D00FFCC02 /* audion.app */,
				172B42441B15319D00FFCC02 /* audionTests.xctest */,
			);
			name = Products;
			sourceTree = "<group>";
		};
		172B422A1B15319D00FFCC02 /* audion */ = {
			isa = PBXGroup;
			children = (
				172B422F1B15319D00FFCC02 /* AppDelegate.h */,
				172B42301B15319D00FFCC02 /* AppDelegate.m */,
				172B42321B15319D00FFCC02 /* FirstViewController.h */,
				172B42331B15319D00FFCC02 /* FirstViewController.m */,
				172B42351B15319D00FFCC02 /* SecondViewController.h */,
				172B42361B15319D00FFCC02 /* SecondViewController.m */,
				172B42381B15319D00FFCC02 /* Main.storyboard */,
				172B423B1B15319D00FFCC02 /* Images.xcassets */,
				172B423D1B15319D00FFCC02 /* LaunchScreen.xib */,
				172B422B1B15319D00FFCC02 /* Supporting Files */,
			);
			path = audion;
			sourceTree = "<group>";
		};
		172B422B1B15319D00FFCC02 /* Supporting Files */ = {
			isa = PBXGroup;
			children = (
				172B422C1B15319D00FFCC02 /* Info.plist */,
				172B422D1B15319D00FFCC02 /* main.m */,
			);
			name = "Supporting Files";
			sourceTree = "<group>";
		};
		172B42471B15319D00FFCC02 /* audionTests */ = {
			isa = PBXGroup;
			children = (
				172B424A1B15319D00FFCC02 /* audionTests.m */,
				172B42481B15319D00FFCC02 /* Supporting Files */,
			);
			path = audionTests;
			sourceTree = "<group>";
		};
		172B42481B15319D00FFCC02 /* Supporting Files */ = {
			isa = PBXGroup;
			children = (
				172B42491B15319D00FFCC02 /* Info.plist */,
			);
			name = "Supporting Files";
			sourceTree = "<group>";
		};
/* End PBXGroup section */

/* Begin PBXNativeTarget section */
		172B42271B15319D00FFCC02 /* audion */ = {
			isa = PBXNativeTarget;
			buildConfigurationList = 172B424E1B15319D00FFCC02 /* Build configuration list for PBXNativeTarget "audion" */;
			buildPhases = (
				172B42241B15319D00FFCC02 /* Sources */,
				172B42251B15319D00FFCC02 /* Frameworks */,
				172B42261B15319D00FFCC02 /* Resources */,
			);
			buildRules = (
			);
			dependencies = (
			);
			name = audion;
			productName = audion;
			productReference = 172B42281B15319D00FFCC02 /* audion.app */;
			productType = "com.apple.product-type.application";
		};
		172B42431B15319D00FFCC02 /* audionTests */ = {
			isa = PBXNativeTarget;
			buildConfigurationList = 172B42511B15319D00FFCC02 /* Build configuration list for PBXNativeTarget "audionTests" */;
			buildPhases = (
				172B42401B15319D00FFCC02 /* Sources */,
				172B42411B15319D00FFCC02 /* Frameworks */,
				172B42421B15319D00FFCC02 /* Resources */,
			);
			buildRules = (
			);
			dependencies = (
				172B42461B15319D00FFCC02 /* PBXTargetDependency */,
			);
			name = audionTests;
			productName = audionTests;
			productReference = 172B42441B15319D00FFCC02 /* audionTests.xctest */;
			productType = "com.apple.product-type.bundle.unit-test";
		};
/* End PBXNativeTarget section */

/* Begin PBXProject section */
		172B42201B15319D00FFCC02 /* Project object */ = {
			isa = PBXProject;
			attributes = {
				LastUpgradeCheck = 0630;
				ORGANIZATIONNAME = "Nick Porter";
				TargetAttributes = {
					172B42271B15319D00FFCC02 = {
						CreatedOnToolsVersion = 6.3.2;
					};
					172B42431B15319D00FFCC02 = {
						CreatedOnToolsVersion = 6.3.2;
						TestTargetID = 172B42271B15319D00FFCC02;
					};
				};
			};
			buildConfigurationList = 172B42231B15319D00FFCC02 /* Build configuration list for PBXProject "audion" */;
			compatibilityVersion = "Xcode 3.2";
			developmentRegion = English;
			hasScannedForEncodings = 0;
			knownRegions = (
				en,
				Base,
			);
			mainGroup = 172B421F1B15319D00FFCC02;
			productRefGroup = 172B42291B15319D00FFCC02 /* Products */;
			projectDirPath = "";
			projectRoot = "";
			targets = (
				172B42271B15319D00FFCC02 /* audion */,
				172B42431B15319D00FFCC02 /* audionTests */,
			);
		};
/* End PBXProject section */

/* Begin PBXResourcesBuildPhase section */
		172B42261B15319D00FFCC02 /* Resources */ = {
			isa = PBXResourcesBuildPhase;
			buildActionMask = 2147483647;
			files = (
				172B423A1B15319D00FFCC02 /* Main.storyboard in Resources */,
				172B423F1B15319D00FFCC02 /* LaunchScreen.xib in Resources */,
				172B423C1B15319D00FFCC02 /* Images.xcassets in Resources */,
			);
			runOnlyForDeploymentPostprocessing = 0;
		};
		172B42421B15319D00FFCC02 /* Resources */ = {
			isa = PBXResourcesBuildPhase;
			buildActionMask = 2147483647;
			files = (
			);
			runOnlyForDeploymentPostprocessing = 0;
		};
/* End PBXResourcesBuildPhase section */

/* Begin PBXSourcesBuildPhase section */
		172B42241B15319D00FFCC02 /* Sources */ = {
			isa = PBXSourcesBuildPhase;
			buildActionMask = 2147483647;
			files = (
				172B42371B15319D00FFCC02 /* SecondViewController.m in Sources */,
				172B42311B15319D00FFCC02 /* AppDelegate.m in Sources */,
				172B42341B15319D00FFCC02 /* FirstViewController.m in Sources */,
				172B422E1B15319D00FFCC02 /* main.m in Sources */,
			);
			runOnlyForDeploymentPostprocessing = 0;
		};
		172B42401B15319D00FFCC02 /* Sources */ = {
			isa = PBXSourcesBuildPhase;
			buildActionMask = 2147483647;
			files = (
				172B424B1B15319D00FFCC02 /* audionTests.m in Sources */,
			);
			runOnlyForDeploymentPostprocessing = 0;
		};
/* End PBXSourcesBuildPhase section */

/* Begin PBXTargetDependency section */
		172B42461B15319D00FFCC02 /* PBXTargetDependency */ = {
			isa = PBXTargetDependency;
			target = 172B42271B15319D00FFCC02 /* audion */;
			targetProxy = 172B42451B15319D00FFCC02 /* PBXContainerItemProxy */;
		};
/* End PBXTargetDependency section */

/* Begin PBXVariantGroup section */
		172B42381B15319D00FFCC02 /* Main.storyboard */ = {
			isa = PBXVariantGroup;
			children = (
				172B42391B15319D00FFCC02 /* Base */,
			);
			name = Main.storyboard;
			sourceTree = "<group>";
		};
		172B423D1B15319D00FFCC02 /* LaunchScreen.xib */ = {
			isa = PBXVariantGroup;
			children = (
				172B423E1B15319D00FFCC02 /* Base */,
			);
			name = LaunchScreen.xib;
			sourceTree = "<group>";
		};
/* End PBXVariantGroup section */

/* Begin XCBuildConfiguration section */
		172B424C1B15319D00FFCC02 /* Debug */ = {
			isa = XCBuildConfiguration;
			buildSettings = {
				ALWAYS_SEARCH_USER_PATHS = NO;
				CLANG_CXX_LANGUAGE_STANDARD = "gnu++0x";
				CLANG_CXX_LIBRARY = "libc++";
				CLANG_ENABLE_MODULES = YES;
				CLANG_ENABLE_OBJC_ARC = YES;
				CLANG_WARN_BOOL_CONVERSION = YES;
				CLANG_WARN_CONSTANT_CONVERSION = YES;
				CLANG_WARN_DIRECT_OBJC_ISA_USAGE = YES_ERROR;
				CLANG_WARN_EMPTY_BODY = YES;
				CLANG_WARN_ENUM_CONVERSION = YES;
				CLANG_WARN_INT_CONVERSION = YES;
				CLANG_WARN_OBJC_ROOT_CLASS = YES_ERROR;
				CLANG_WARN_UNREACHABLE_CODE = YES;
				CLANG_WARN__DUPLICATE_METHOD_MATCH = YES;
				"CODE_SIGN_IDENTITY[sdk=iphoneos*]" = "iPhone Developer";
				COPY_PHASE_STRIP = NO;
				DEBUG_INFORMATION_FORMAT = "dwarf-with-dsym";
				ENABLE_STRICT_OBJC_MSGSEND = YES;
				GCC_C_LANGUAGE_STANDARD = gnu99;
				GCC_DYNAMIC_NO_PIC = NO;
				GCC_NO_COMMON_BLOCKS = YES;
				GCC_OPTIMIZATION_LEVEL = 0;
				GCC_PREPROCESSOR_DEFINITIONS = (
					"DEBUG=1",
					"$(inherited)",
				);
				GCC_SYMBOLS_PRIVATE_EXTERN = NO;
				GCC_WARN_64_TO_32_BIT_CONVERSION = YES;
				GCC_WARN_ABOUT_RETURN_TYPE = YES_ERROR;
				GCC_WARN_UNDECLARED_SELECTOR = YES;
				GCC_WARN_UNINITIALIZED_AUTOS = YES_AGGRESSIVE;
				GCC_WARN_UNUSED_FUNCTION = YES;
				GCC_WARN_UNUSED_VARIABLE = YES;
				IPHONEOS_DEPLOYMENT_TARGET = 8.3;
				MTL_ENABLE_DEBUG_INFO = YES;
				ONLY_ACTIVE_ARCH = YES;
				SDKROOT = iphoneos;
			};
			name = Debug;
		};
		172B424D1B15319D00FFCC02 /* Release */ = {
			isa = XCBuildConfiguration;
			buildSettings = {
				ALWAYS_SEARCH_USER_PATHS = NO;
				CLANG_CXX_LANGUAGE_STANDARD = "gnu++0x";
				CLANG_CXX_LIBRARY = "libc++";
				CLANG_ENABLE_MODULES = YES;
				CLANG_ENABLE_OBJC_ARC = YES;
				CLANG_WARN_BOOL_CONVERSION = YES;
				CLANG_WARN_CONSTANT_CONVERSION = YES;
				CLANG_WARN_DIRECT_OBJC_ISA_USAGE = YES_ERROR;
				CLANG_WARN_EMPTY_BODY = YES;
				CLANG_WARN_ENUM_CONVERSION = YES;
				CLANG_WARN_INT_CONVERSION = YES;
				CLANG_WARN_OBJC_ROOT_CLASS = YES_ERROR;
				CLANG_WARN_UNREACHABLE_CODE = YES;
				CLANG_WARN__DUPLICATE_METHOD_MATCH = YES;
				"CODE_SIGN_IDENTITY[sdk=iphoneos*]" = "iPhone Developer";
				COPY_PHASE_STRIP = NO;
				DEBUG_INFORMATION_FORMAT = "dwarf-with-dsym";
				ENABLE_NS_ASSERTIONS = NO;
				ENABLE_STRICT_OBJC_MSGSEND = YES;
				GCC_C_LANGUAGE_STANDARD = gnu99;
				GCC_NO_COMMON_BLOCKS = YES;
				GCC_WARN_64_TO_32_BIT_CONVERSION = YES;
				GCC_WARN_ABOUT_RETURN_TYPE = YES_ERROR;
				GCC_WARN_UNDECLARED_SELECTOR = YES;
				GCC_WARN_UNINITIALIZED_AUTOS = YES_AGGRESSIVE;
				GCC_WARN_UNUSED_FUNCTION = YES;
				GCC_WARN_UNUSED_VARIABLE = YES;
				IPHONEOS_DEPLOYMENT_TARGET = 8.3;
				MTL_ENABLE_DEBUG_INFO = NO;
				SDKROOT = iphoneos;
				VALIDATE_PRODUCT = YES;
			};
			name = Release;
		};
		172B424F1B15319D00FFCC02 /* Debug */ = {
			isa = XCBuildConfiguration;
			buildSettings = {
				ASSETCATALOG_COMPILER_APPICON_NAME = AppIcon;
				INFOPLIST_FILE = audion/Info.plist;
				LD_RUNPATH_SEARCH_PATHS = "$(inherited) @executable_path/Frameworks";
				PRODUCT_NAME = "$(TARGET_NAME)";
			};
			name = Debug;
		};
		172B42501B15319D00FFCC02 /* Release */ = {
			isa = XCBuildConfiguration;
			buildSettings = {
				ASSETCATALOG_COMPILER_APPICON_NAME = AppIcon;
				INFOPLIST_FILE = audion/Info.plist;
				LD_RUNPATH_SEARCH_PATHS = "$(inherited) @executable_path/Frameworks";
				PRODUCT_NAME = "$(TARGET_NAME)";
			};
			name = Release;
		};
		172B42521B15319D00FFCC02 /* Debug */ = {
			isa = XCBuildConfiguration;
			buildSettings = {
				BUNDLE_LOADER = "$(TEST_HOST)";
				FRAMEWORK_SEARCH_PATHS = (
					"$(SDKROOT)/Developer/Library/Frameworks",
					"$(inherited)",
				);
				GCC_PREPROCESSOR_DEFINITIONS = (
					"DEBUG=1",
					"$(inherited)",
				);
				INFOPLIST_FILE = audionTests/Info.plist;
				LD_RUNPATH_SEARCH_PATHS = "$(inherited) @executable_path/Frameworks @loader_path/Frameworks";
				PRODUCT_NAME = "$(TARGET_NAME)";
				TEST_HOST = "$(BUILT_PRODUCTS_DIR)/audion.app/audion";
			};
			name = Debug;
		};
		172B42531B15319D00FFCC02 /* Release */ = {
			isa = XCBuildConfiguration;
			buildSettings = {
				BUNDLE_LOADER = "$(TEST_HOST)";
				FRAMEWORK_SEARCH_PATHS = (
					"$(SDKROOT)/Developer/Library/Frameworks",
					"$(inherited)",
				);
				INFOPLIST_FILE = audionTests/Info.plist;
				LD_RUNPATH_SEARCH_PATHS = "$(inherited) @executable_path/Frameworks @loader_path/Frameworks";
				PRODUCT_NAME = "$(TARGET_NAME)";
				TEST_HOST = "$(BUILT_PRODUCTS_DIR)/audion.app/audion";
			};
			name = Release;
		};
/* End XCBuildConfiguration section */

/* Begin XCConfigurationList section */
		172B42231B15319D00FFCC02 /* Build configuration list for PBXProject "audion" */ = {
			isa = XCConfigurationList;
			buildConfigurations = (
				172B424C1B15319D00FFCC02 /* Debug */,
				172B424D1B15319D00FFCC02 /* Release */,
			);
			defaultConfigurationIsVisible = 0;
			defaultConfigurationName = Release;
		};
		172B424E1B15319D00FFCC02 /* Build configuration list for PBXNativeTarget "audion" */ = {
			isa = XCConfigurationList;
			buildConfigurations = (
				172B424F1B15319D00FFCC02 /* Debug */,
				172B42501B15319D00FFCC02 /* Release */,
			);
			defaultConfigurationIsVisible = 0;
		};
		172B42511B15319D00FFCC02 /* Build configuration list for PBXNativeTarget "audionTests" */ = {
			isa = XCConfigurationList;
			buildConfigurations = (
				172B42521B15319D00FFCC02 /* Debug */,
				172B42531B15319D00FFCC02 /* Release */,
			);
			defaultConfigurationIsVisible = 0;
		};
/* End XCConfigurationList section */
	};
	rootObject = 172B42201B15319D00FFCC02 /* Project object */;
}
